
Microsoft Visual Studio Solution File, Format Version 12.00
# Visual Studio Version 17
VisualStudioVersion = 17.9.34728.123
MinimumVisualStudioVersion = 10.0.40219.1
Project("{9A19103F-16F7-4668-BE54-9A1E7A4F7556}") = "Shoghlana.Api", "Shoghlana.Api\Shoghlana.Api.csproj", "{35A7B6AF-2BBB-4006-8F6A-97B2DB0EEBD0}"
EndProject
Project("{9A19103F-16F7-4668-BE54-9A1E7A4F7556}") = "Shoghlana.Core", "Shoghlana.Core\Shoghlana.Core.csproj", "{14B2F015-8017-4027-824B-8923B3D6C6E7}"
EndProject
Project("{9A19103F-16F7-4668-BE54-9A1E7A4F7556}") = "Shoghlana.EF", "Shoghlana.EF\Shoghlana.EF.csproj", "{796A1009-BE6A-4586-AC70-80BFCC009234}"
EndProject
Project("{2150E333-8FDC-42A3-9474-1A3956D46DE8}") = "Diagrams", "Diagrams", "{67199022-5520-4572-B274-52670755EBE5}"
	ProjectSection(SolutionItems) = preProject
		Diagrams\Class diagram.png = Diagrams\Class diagram.png
	EndProjectSection
EndProject
Global
	GlobalSection(SolutionConfigurationPlatforms) = preSolution
		Debug|Any CPU = Debug|Any CPU
		Release|Any CPU = Release|Any CPU
	EndGlobalSection
	GlobalSection(ProjectConfigurationPlatforms) = postSolution
		{35A7B6AF-2BBB-4006-8F6A-97B2DB0EEBD0}.Debug|Any CPU.ActiveCfg = Debug|Any CPU
		{35A7B6AF-2BBB-4006-8F6A-97B2DB0EEBD0}.Debug|Any CPU.Build.0 = Debug|Any CPU
		{35A7B6AF-2BBB-4006-8F6A-97B2DB0EEBD0}.Release|Any CPU.ActiveCfg = Release|Any CPU
		{35A7B6AF-2BBB-4006-8F6A-97B2DB0EEBD0}.Release|Any CPU.Build.0 = Release|Any CPU
		{14B2F015-8017-4027-824B-8923B3D6C6E7}.Debug|Any CPU.ActiveCfg = Debug|Any CPU
		{14B2F015-8017-4027-824B-8923B3D6C6E7}.Debug|Any CPU.Build.0 = Debug|Any CPU
		{14B2F015-8017-4027-824B-8923B3D6C6E7}.Release|Any CPU.ActiveCfg = Release|Any CPU
		{14B2F015-8017-4027-824B-8923B3D6C6E7}.Release|Any CPU.Build.0 = Release|Any CPU
		{796A1009-BE6A-4586-AC70-80BFCC009234}.Debug|Any CPU.ActiveCfg = Debug|Any CPU
		{796A1009-BE6A-4586-AC70-80BFCC009234}.Debug|Any CPU.Build.0 = Debug|Any CPU
		{796A1009-BE6A-4586-AC70-80BFCC009234}.Release|Any CPU.ActiveCfg = Release|Any CPU
		{796A1009-BE6A-4586-AC70-80BFCC009234}.Release|Any CPU.Build.0 = Release|Any CPU
	EndGlobalSection
	GlobalSection(SolutionProperties) = preSolution
		HideSolutionNode = FALSE
	EndGlobalSection
	GlobalSection(ExtensibilityGlobals) = postSolution
		SolutionGuid = {A247F326-C30F-4F64-A443-D290BB0DAEA0}
	EndGlobalSection
EndGlobal
